
Microsoft Visual Studio Solution File, Format Version 12.00
# Visual Studio Version 17
VisualStudioVersion = 17.0.32014.148
MinimumVisualStudioVersion = 10.0.40219.1
Project("{9A19103F-16F7-4668-BE54-9A1E7A4F7556}") = "AddMethodOverloadingExercise", "AddMethodOverloadingExercise\AddMethodOverloadingExercise.csproj", "{B1B4E3DE-EEBD-4779-BE45-9EC4DE7ACE69}"
EndProject
Global
	GlobalSection(SolutionConfigurationPlatforms) = preSolution
		Debug|Any CPU = Debug|Any CPU
		Release|Any CPU = Release|Any CPU
	EndGlobalSection
	GlobalSection(ProjectConfigurationPlatforms) = postSolution
		{B1B4E3DE-EEBD-4779-BE45-9EC4DE7ACE69}.Debug|Any CPU.ActiveCfg = Debug|Any CPU
		{B1B4E3DE-EEBD-4779-BE45-9EC4DE7ACE69}.Debug|Any CPU.Build.0 = Debug|Any CPU
		{B1B4E3DE-EEBD-4779-BE45-9EC4DE7ACE69}.Release|Any CPU.ActiveCfg = Release|Any CPU
		{B1B4E3DE-EEBD-4779-BE45-9EC4DE7ACE69}.Release|Any CPU.Build.0 = Release|Any CPU
	EndGlobalSection
	GlobalSection(SolutionProperties) = preSolution
		HideSolutionNode = FALSE
	EndGlobalSection
	GlobalSection(ExtensibilityGlobals) = postSolution
		SolutionGuid = {7BCC2E7D-1E0C-46D0-927E-9D4BC7D4839B}
	EndGlobalSection
EndGlobal
